// !$*UTF8*$!
{
	archiveVersion = 1;
	classes = {
	};
	objectVersion = 50;
	objects = {

/* Begin PBXBuildFile section */
		112D67CA26A205FD00972496 /* AppDelegate.swift in Sources */ = {isa = PBXBuildFile; fileRef = 112D67C926A205FD00972496 /* AppDelegate.swift */; };
		112D67CC26A205FD00972496 /* SceneDelegate.swift in Sources */ = {isa = PBXBuildFile; fileRef = 112D67CB26A205FD00972496 /* SceneDelegate.swift */; };
		112D67D126A205FD00972496 /* Main.storyboard in Resources */ = {isa = PBXBuildFile; fileRef = 112D67CF26A205FD00972496 /* Main.storyboard */; };
		112D67D326A2060100972496 /* Assets.xcassets in Resources */ = {isa = PBXBuildFile; fileRef = 112D67D226A2060100972496 /* Assets.xcassets */; };
		112D67D626A2060100972496 /* LaunchScreen.storyboard in Resources */ = {isa = PBXBuildFile; fileRef = 112D67D426A2060100972496 /* LaunchScreen.storyboard */; };
		112D67E126A2060100972496 /* BrewmasterTests.swift in Sources */ = {isa = PBXBuildFile; fileRef = 112D67E026A2060100972496 /* BrewmasterTests.swift */; };
		112D67EC26A2060100972496 /* BrewmasterUITests.swift in Sources */ = {isa = PBXBuildFile; fileRef = 112D67EB26A2060100972496 /* BrewmasterUITests.swift */; };
		112EE0EB26A36F1000CD8AE2 /* AppColor.swift in Sources */ = {isa = PBXBuildFile; fileRef = 112EE0EA26A36F1000CD8AE2 /* AppColor.swift */; };
		1170862326A4E9A800D38A6F /* Beer.swift in Sources */ = {isa = PBXBuildFile; fileRef = 1170862226A4E9A800D38A6F /* Beer.swift */; };
		1170862526A4EB8C00D38A6F /* NetworkManager.swift in Sources */ = {isa = PBXBuildFile; fileRef = 1170862426A4EB8C00D38A6F /* NetworkManager.swift */; };
		1170862726A4F27B00D38A6F /* BeersDataSource.swift in Sources */ = {isa = PBXBuildFile; fileRef = 1170862626A4F27B00D38A6F /* BeersDataSource.swift */; };
		1195E5E926A5CDFF00F371EA /* CacheManager.swift in Sources */ = {isa = PBXBuildFile; fileRef = 1195E5E826A5CDFF00F371EA /* CacheManager.swift */; };
		1195E5EC26A5D35400F371EA /* BeerService.swift in Sources */ = {isa = PBXBuildFile; fileRef = 1195E5EB26A5D35400F371EA /* BeerService.swift */; };
		119A184726A326EA00C6876A /* BeersTableViewController.swift in Sources */ = {isa = PBXBuildFile; fileRef = 119A184626A326EA00C6876A /* BeersTableViewController.swift */; };
		11ACBC1D2817E91D00223B5F /* BrewmasterSnapshotTests.swift in Sources */ = {isa = PBXBuildFile; fileRef = 11ACBC1C2817E91D00223B5F /* BrewmasterSnapshotTests.swift */; };
		11C1545026A4682000068BC4 /* BeerTableViewCell.swift in Sources */ = {isa = PBXBuildFile; fileRef = 11C1544F26A4682000068BC4 /* BeerTableViewCell.swift */; };
		11C1545626A4807B00068BC4 /* BeerDetailsViewController.swift in Sources */ = {isa = PBXBuildFile; fileRef = 11C1545526A4807B00068BC4 /* BeerDetailsViewController.swift */; };
/* End PBXBuildFile section */

/* Begin PBXContainerItemProxy section */
		112D67DD26A2060100972496 /* PBXContainerItemProxy */ = {
			isa = PBXContainerItemProxy;
			containerPortal = 112D67BE26A205FD00972496 /* Project object */;
			proxyType = 1;
			remoteGlobalIDString = 112D67C526A205FD00972496;
			remoteInfo = Brewmaster;
		};
		112D67E826A2060100972496 /* PBXContainerItemProxy */ = {
			isa = PBXContainerItemProxy;
			containerPortal = 112D67BE26A205FD00972496 /* Project object */;
			proxyType = 1;
			remoteGlobalIDString = 112D67C526A205FD00972496;
			remoteInfo = Brewmaster;
		};
		11ACBC1E2817E91D00223B5F /* PBXContainerItemProxy */ = {
			isa = PBXContainerItemProxy;
			containerPortal = 112D67BE26A205FD00972496 /* Project object */;
			proxyType = 1;
			remoteGlobalIDString = 112D67C526A205FD00972496;
			remoteInfo = Brewmaster;
		};
/* End PBXContainerItemProxy section */

/* Begin PBXFileReference section */
		112D67C626A205FD00972496 /* Brewmaster.app */ = {isa = PBXFileReference; explicitFileType = wrapper.application; includeInIndex = 0; path = Brewmaster.app; sourceTree = BUILT_PRODUCTS_DIR; };
		112D67C926A205FD00972496 /* AppDelegate.swift */ = {isa = PBXFileReference; lastKnownFileType = sourcecode.swift; path = AppDelegate.swift; sourceTree = "<group>"; };
		112D67CB26A205FD00972496 /* SceneDelegate.swift */ = {isa = PBXFileReference; lastKnownFileType = sourcecode.swift; path = SceneDelegate.swift; sourceTree = "<group>"; };
		112D67D026A205FD00972496 /* Base */ = {isa = PBXFileReference; lastKnownFileType = file.storyboard; name = Base; path = Base.lproj/Main.storyboard; sourceTree = "<group>"; };
		112D67D226A2060100972496 /* Assets.xcassets */ = {isa = PBXFileReference; lastKnownFileType = folder.assetcatalog; path = Assets.xcassets; sourceTree = "<group>"; };
		112D67D526A2060100972496 /* Base */ = {isa = PBXFileReference; lastKnownFileType = file.storyboard; name = Base; path = Base.lproj/LaunchScreen.storyboard; sourceTree = "<group>"; };
		112D67D726A2060100972496 /* Info.plist */ = {isa = PBXFileReference; lastKnownFileType = text.plist.xml; path = Info.plist; sourceTree = "<group>"; };
		112D67DC26A2060100972496 /* BrewmasterTests.xctest */ = {isa = PBXFileReference; explicitFileType = wrapper.cfbundle; includeInIndex = 0; path = BrewmasterTests.xctest; sourceTree = BUILT_PRODUCTS_DIR; };
		112D67E026A2060100972496 /* BrewmasterTests.swift */ = {isa = PBXFileReference; lastKnownFileType = sourcecode.swift; path = BrewmasterTests.swift; sourceTree = "<group>"; };
		112D67E226A2060100972496 /* Info.plist */ = {isa = PBXFileReference; lastKnownFileType = text.plist.xml; path = Info.plist; sourceTree = "<group>"; };
		112D67E726A2060100972496 /* BrewmasterUITests.xctest */ = {isa = PBXFileReference; explicitFileType = wrapper.cfbundle; includeInIndex = 0; path = BrewmasterUITests.xctest; sourceTree = BUILT_PRODUCTS_DIR; };
		112D67EB26A2060100972496 /* BrewmasterUITests.swift */ = {isa = PBXFileReference; lastKnownFileType = sourcecode.swift; path = BrewmasterUITests.swift; sourceTree = "<group>"; };
		112D67ED26A2060100972496 /* Info.plist */ = {isa = PBXFileReference; lastKnownFileType = text.plist.xml; path = Info.plist; sourceTree = "<group>"; };
		112EE0EA26A36F1000CD8AE2 /* AppColor.swift */ = {isa = PBXFileReference; lastKnownFileType = sourcecode.swift; path = AppColor.swift; sourceTree = "<group>"; };
		1170862226A4E9A800D38A6F /* Beer.swift */ = {isa = PBXFileReference; lastKnownFileType = sourcecode.swift; path = Beer.swift; sourceTree = "<group>"; };
		1170862426A4EB8C00D38A6F /* NetworkManager.swift */ = {isa = PBXFileReference; lastKnownFileType = sourcecode.swift; path = NetworkManager.swift; sourceTree = "<group>"; };
		1170862626A4F27B00D38A6F /* BeersDataSource.swift */ = {isa = PBXFileReference; lastKnownFileType = sourcecode.swift; path = BeersDataSource.swift; sourceTree = "<group>"; };
		1195E5E826A5CDFF00F371EA /* CacheManager.swift */ = {isa = PBXFileReference; lastKnownFileType = sourcecode.swift; path = CacheManager.swift; sourceTree = "<group>"; };
		1195E5EB26A5D35400F371EA /* BeerService.swift */ = {isa = PBXFileReference; lastKnownFileType = sourcecode.swift; path = BeerService.swift; sourceTree = "<group>"; };
		119A184626A326EA00C6876A /* BeersTableViewController.swift */ = {isa = PBXFileReference; lastKnownFileType = sourcecode.swift; path = BeersTableViewController.swift; sourceTree = "<group>"; };
		11ACBC1A2817E91D00223B5F /* BrewmasterSnapshotTests.xctest */ = {isa = PBXFileReference; explicitFileType = wrapper.cfbundle; includeInIndex = 0; path = BrewmasterSnapshotTests.xctest; sourceTree = BUILT_PRODUCTS_DIR; };
		11ACBC1C2817E91D00223B5F /* BrewmasterSnapshotTests.swift */ = {isa = PBXFileReference; lastKnownFileType = sourcecode.swift; path = BrewmasterSnapshotTests.swift; sourceTree = "<group>"; };
		11C1544F26A4682000068BC4 /* BeerTableViewCell.swift */ = {isa = PBXFileReference; lastKnownFileType = sourcecode.swift; path = BeerTableViewCell.swift; sourceTree = "<group>"; };
		11C1545526A4807B00068BC4 /* BeerDetailsViewController.swift */ = {isa = PBXFileReference; lastKnownFileType = sourcecode.swift; path = BeerDetailsViewController.swift; sourceTree = "<group>"; };
/* End PBXFileReference section */

/* Begin PBXFrameworksBuildPhase section */
		112D67C326A205FD00972496 /* Frameworks */ = {
			isa = PBXFrameworksBuildPhase;
			buildActionMask = 2147483647;
			files = (
			);
			runOnlyForDeploymentPostprocessing = 0;
		};
		112D67D926A2060100972496 /* Frameworks */ = {
			isa = PBXFrameworksBuildPhase;
			buildActionMask = 2147483647;
			files = (
			);
			runOnlyForDeploymentPostprocessing = 0;
		};
		112D67E426A2060100972496 /* Frameworks */ = {
			isa = PBXFrameworksBuildPhase;
			buildActionMask = 2147483647;
			files = (
			);
			runOnlyForDeploymentPostprocessing = 0;
		};
		11ACBC172817E91D00223B5F /* Frameworks */ = {
			isa = PBXFrameworksBuildPhase;
			buildActionMask = 2147483647;
			files = (
			);
			runOnlyForDeploymentPostprocessing = 0;
		};
/* End PBXFrameworksBuildPhase section */

/* Begin PBXGroup section */
		112D67BD26A205FD00972496 = {
			isa = PBXGroup;
			children = (
				112D67C826A205FD00972496 /* Brewmaster */,
				112D67DF26A2060100972496 /* BrewmasterTests */,
				11ACBC1B2817E91D00223B5F /* BrewmasterSnapshotTests */,
				112D67EA26A2060100972496 /* BrewmasterUITests */,
				112D67C726A205FD00972496 /* Products */,
			);
			sourceTree = "<group>";
		};
		112D67C726A205FD00972496 /* Products */ = {
			isa = PBXGroup;
			children = (
				112D67C626A205FD00972496 /* Brewmaster.app */,
				112D67DC26A2060100972496 /* BrewmasterTests.xctest */,
				112D67E726A2060100972496 /* BrewmasterUITests.xctest */,
				11ACBC1A2817E91D00223B5F /* BrewmasterSnapshotTests.xctest */,
			);
			name = Products;
			sourceTree = "<group>";
		};
		112D67C826A205FD00972496 /* Brewmaster */ = {
			isa = PBXGroup;
			children = (
				112D67C926A205FD00972496 /* AppDelegate.swift */,
				112D67CB26A205FD00972496 /* SceneDelegate.swift */,
				112D67CF26A205FD00972496 /* Main.storyboard */,
				112D67D226A2060100972496 /* Assets.xcassets */,
				112D67D426A2060100972496 /* LaunchScreen.storyboard */,
				112D67D726A2060100972496 /* Info.plist */,
				1170862A26A4FF1A00D38A6F /* Models */,
				1170862E26A4FF4400D38A6F /* Views */,
				1170862B26A4FF2500D38A6F /* ViewControllers */,
				1170862C26A4FF2F00D38A6F /* DataSources */,
				112EE0EC26A36F1A00CD8AE2 /* Constants */,
				1195E5EA26A5D12800F371EA /* Managers */,
				1195E5ED26A5D35900F371EA /* Services */,
			);
			path = Brewmaster;
			sourceTree = "<group>";
		};
		112D67DF26A2060100972496 /* BrewmasterTests */ = {
			isa = PBXGroup;
			children = (
				112D67E026A2060100972496 /* BrewmasterTests.swift */,
				112D67E226A2060100972496 /* Info.plist */,
			);
			path = BrewmasterTests;
			sourceTree = "<group>";
		};
		112D67EA26A2060100972496 /* BrewmasterUITests */ = {
			isa = PBXGroup;
			children = (
				112D67EB26A2060100972496 /* BrewmasterUITests.swift */,
				112D67ED26A2060100972496 /* Info.plist */,
			);
			path = BrewmasterUITests;
			sourceTree = "<group>";
		};
		112EE0EC26A36F1A00CD8AE2 /* Constants */ = {
			isa = PBXGroup;
			children = (
				112EE0EA26A36F1000CD8AE2 /* AppColor.swift */,
			);
			path = Constants;
			sourceTree = "<group>";
		};
		1170862A26A4FF1A00D38A6F /* Models */ = {
			isa = PBXGroup;
			children = (
				1170862226A4E9A800D38A6F /* Beer.swift */,
			);
			path = Models;
			sourceTree = "<group>";
		};
		1170862B26A4FF2500D38A6F /* ViewControllers */ = {
			isa = PBXGroup;
			children = (
				11C1545526A4807B00068BC4 /* BeerDetailsViewController.swift */,
				119A184626A326EA00C6876A /* BeersTableViewController.swift */,
			);
			path = ViewControllers;
			sourceTree = "<group>";
		};
		1170862C26A4FF2F00D38A6F /* DataSources */ = {
			isa = PBXGroup;
			children = (
				1170862626A4F27B00D38A6F /* BeersDataSource.swift */,
			);
			path = DataSources;
			sourceTree = "<group>";
		};
		1170862E26A4FF4400D38A6F /* Views */ = {
			isa = PBXGroup;
			children = (
				11C1544F26A4682000068BC4 /* BeerTableViewCell.swift */,
			);
			path = Views;
			sourceTree = "<group>";
		};
		1195E5EA26A5D12800F371EA /* Managers */ = {
			isa = PBXGroup;
			children = (
				1195E5E826A5CDFF00F371EA /* CacheManager.swift */,
				1170862426A4EB8C00D38A6F /* NetworkManager.swift */,
			);
			path = Managers;
			sourceTree = "<group>";
		};
		1195E5ED26A5D35900F371EA /* Services */ = {
			isa = PBXGroup;
			children = (
				1195E5EB26A5D35400F371EA /* BeerService.swift */,
			);
			path = Services;
			sourceTree = "<group>";
		};
		11ACBC1B2817E91D00223B5F /* BrewmasterSnapshotTests */ = {
			isa = PBXGroup;
			children = (
				11ACBC1C2817E91D00223B5F /* BrewmasterSnapshotTests.swift */,
			);
			path = BrewmasterSnapshotTests;
			sourceTree = "<group>";
		};
/* End PBXGroup section */

/* Begin PBXNativeTarget section */
		112D67C526A205FD00972496 /* Brewmaster */ = {
			isa = PBXNativeTarget;
			buildConfigurationList = 112D67F026A2060100972496 /* Build configuration list for PBXNativeTarget "Brewmaster" */;
			buildPhases = (
				112D67C226A205FD00972496 /* Sources */,
				112D67C326A205FD00972496 /* Frameworks */,
				112D67C426A205FD00972496 /* Resources */,
			);
			buildRules = (
			);
			dependencies = (
			);
			name = Brewmaster;
			productName = Brewmaster;
			productReference = 112D67C626A205FD00972496 /* Brewmaster.app */;
			productType = "com.apple.product-type.application";
		};
		112D67DB26A2060100972496 /* BrewmasterTests */ = {
			isa = PBXNativeTarget;
			buildConfigurationList = 112D67F326A2060100972496 /* Build configuration list for PBXNativeTarget "BrewmasterTests" */;
			buildPhases = (
				112D67D826A2060100972496 /* Sources */,
				112D67D926A2060100972496 /* Frameworks */,
				112D67DA26A2060100972496 /* Resources */,
			);
			buildRules = (
			);
			dependencies = (
				112D67DE26A2060100972496 /* PBXTargetDependency */,
			);
			name = BrewmasterTests;
			productName = BrewmasterTests;
			productReference = 112D67DC26A2060100972496 /* BrewmasterTests.xctest */;
			productType = "com.apple.product-type.bundle.unit-test";
		};
		112D67E626A2060100972496 /* BrewmasterUITests */ = {
			isa = PBXNativeTarget;
			buildConfigurationList = 112D67F626A2060100972496 /* Build configuration list for PBXNativeTarget "BrewmasterUITests" */;
			buildPhases = (
				112D67E326A2060100972496 /* Sources */,
				112D67E426A2060100972496 /* Frameworks */,
				112D67E526A2060100972496 /* Resources */,
			);
			buildRules = (
			);
			dependencies = (
				112D67E926A2060100972496 /* PBXTargetDependency */,
			);
			name = BrewmasterUITests;
			productName = BrewmasterUITests;
			productReference = 112D67E726A2060100972496 /* BrewmasterUITests.xctest */;
			productType = "com.apple.product-type.bundle.ui-testing";
		};
		11ACBC192817E91D00223B5F /* BrewmasterSnapshotTests */ = {
			isa = PBXNativeTarget;
			buildConfigurationList = 11ACBC222817E91D00223B5F /* Build configuration list for PBXNativeTarget "BrewmasterSnapshotTests" */;
			buildPhases = (
				11ACBC162817E91D00223B5F /* Sources */,
				11ACBC172817E91D00223B5F /* Frameworks */,
				11ACBC182817E91D00223B5F /* Resources */,
			);
			buildRules = (
			);
			dependencies = (
				11ACBC1F2817E91D00223B5F /* PBXTargetDependency */,
			);
			name = BrewmasterSnapshotTests;
			productName = BrewmasterSnapshotTests;
			productReference = 11ACBC1A2817E91D00223B5F /* BrewmasterSnapshotTests.xctest */;
			productType = "com.apple.product-type.bundle.unit-test";
		};
/* End PBXNativeTarget section */

/* Begin PBXProject section */
		112D67BE26A205FD00972496 /* Project object */ = {
			isa = PBXProject;
			attributes = {
				LastSwiftUpdateCheck = 1320;
				LastUpgradeCheck = 1250;
				TargetAttributes = {
					112D67C526A205FD00972496 = {
						CreatedOnToolsVersion = 12.5;
					};
					112D67DB26A2060100972496 = {
						CreatedOnToolsVersion = 12.5;
						TestTargetID = 112D67C526A205FD00972496;
					};
					112D67E626A2060100972496 = {
						CreatedOnToolsVersion = 12.5;
						TestTargetID = 112D67C526A205FD00972496;
					};
					11ACBC192817E91D00223B5F = {
						CreatedOnToolsVersion = 13.2.1;
						TestTargetID = 112D67C526A205FD00972496;
					};
				};
			};
			buildConfigurationList = 112D67C126A205FD00972496 /* Build configuration list for PBXProject "Brewmaster" */;
			compatibilityVersion = "Xcode 9.3";
			developmentRegion = en;
			hasScannedForEncodings = 0;
			knownRegions = (
				en,
				Base,
			);
			mainGroup = 112D67BD26A205FD00972496;
			productRefGroup = 112D67C726A205FD00972496 /* Products */;
			projectDirPath = "";
			projectRoot = "";
			targets = (
				112D67C526A205FD00972496 /* Brewmaster */,
				112D67DB26A2060100972496 /* BrewmasterTests */,
				112D67E626A2060100972496 /* BrewmasterUITests */,
				11ACBC192817E91D00223B5F /* BrewmasterSnapshotTests */,
			);
		};
/* End PBXProject section */

/* Begin PBXResourcesBuildPhase section */
		112D67C426A205FD00972496 /* Resources */ = {
			isa = PBXResourcesBuildPhase;
			buildActionMask = 2147483647;
			files = (
				112D67D626A2060100972496 /* LaunchScreen.storyboard in Resources */,
				112D67D326A2060100972496 /* Assets.xcassets in Resources */,
				112D67D126A205FD00972496 /* Main.storyboard in Resources */,
			);
			runOnlyForDeploymentPostprocessing = 0;
		};
		112D67DA26A2060100972496 /* Resources */ = {
			isa = PBXResourcesBuildPhase;
			buildActionMask = 2147483647;
			files = (
			);
			runOnlyForDeploymentPostprocessing = 0;
		};
		112D67E526A2060100972496 /* Resources */ = {
			isa = PBXResourcesBuildPhase;
			buildActionMask = 2147483647;
			files = (
			);
			runOnlyForDeploymentPostprocessing = 0;
		};
		11ACBC182817E91D00223B5F /* Resources */ = {
			isa = PBXResourcesBuildPhase;
			buildActionMask = 2147483647;
			files = (
			);
			runOnlyForDeploymentPostprocessing = 0;
		};
/* End PBXResourcesBuildPhase section */

/* Begin PBXSourcesBuildPhase section */
		112D67C226A205FD00972496 /* Sources */ = {
			isa = PBXSourcesBuildPhase;
			buildActionMask = 2147483647;
			files = (
				119A184726A326EA00C6876A /* BeersTableViewController.swift in Sources */,
				112EE0EB26A36F1000CD8AE2 /* AppColor.swift in Sources */,
				1170862726A4F27B00D38A6F /* BeersDataSource.swift in Sources */,
				112D67CA26A205FD00972496 /* AppDelegate.swift in Sources */,
				112D67CC26A205FD00972496 /* SceneDelegate.swift in Sources */,
				1195E5E926A5CDFF00F371EA /* CacheManager.swift in Sources */,
				1170862526A4EB8C00D38A6F /* NetworkManager.swift in Sources */,
				11C1545026A4682000068BC4 /* BeerTableViewCell.swift in Sources */,
				1170862326A4E9A800D38A6F /* Beer.swift in Sources */,
				11C1545626A4807B00068BC4 /* BeerDetailsViewController.swift in Sources */,
				1195E5EC26A5D35400F371EA /* BeerService.swift in Sources */,
			);
			runOnlyForDeploymentPostprocessing = 0;
		};
		112D67D826A2060100972496 /* Sources */ = {
			isa = PBXSourcesBuildPhase;
			buildActionMask = 2147483647;
			files = (
				112D67E126A2060100972496 /* BrewmasterTests.swift in Sources */,
			);
			runOnlyForDeploymentPostprocessing = 0;
		};
		112D67E326A2060100972496 /* Sources */ = {
			isa = PBXSourcesBuildPhase;
			buildActionMask = 2147483647;
			files = (
				112D67EC26A2060100972496 /* BrewmasterUITests.swift in Sources */,
			);
			runOnlyForDeploymentPostprocessing = 0;
		};
		11ACBC162817E91D00223B5F /* Sources */ = {
			isa = PBXSourcesBuildPhase;
			buildActionMask = 2147483647;
			files = (
				11ACBC1D2817E91D00223B5F /* BrewmasterSnapshotTests.swift in Sources */,
			);
			runOnlyForDeploymentPostprocessing = 0;
		};
/* End PBXSourcesBuildPhase section */

/* Begin PBXTargetDependency section */
		112D67DE26A2060100972496 /* PBXTargetDependency */ = {
			isa = PBXTargetDependency;
			target = 112D67C526A205FD00972496 /* Brewmaster */;
			targetProxy = 112D67DD26A2060100972496 /* PBXContainerItemProxy */;
		};
		112D67E926A2060100972496 /* PBXTargetDependency */ = {
			isa = PBXTargetDependency;
			target = 112D67C526A205FD00972496 /* Brewmaster */;
			targetProxy = 112D67E826A2060100972496 /* PBXContainerItemProxy */;
		};
		11ACBC1F2817E91D00223B5F /* PBXTargetDependency */ = {
			isa = PBXTargetDependency;
			target = 112D67C526A205FD00972496 /* Brewmaster */;
			targetProxy = 11ACBC1E2817E91D00223B5F /* PBXContainerItemProxy */;
		};
/* End PBXTargetDependency section */

/* Begin PBXVariantGroup section */
		112D67CF26A205FD00972496 /* Main.storyboard */ = {
			isa = PBXVariantGroup;
			children = (
				112D67D026A205FD00972496 /* Base */,
			);
			name = Main.storyboard;
			sourceTree = "<group>";
		};
		112D67D426A2060100972496 /* LaunchScreen.storyboard */ = {
			isa = PBXVariantGroup;
			children = (
				112D67D526A2060100972496 /* Base */,
			);
			name = LaunchScreen.storyboard;
			sourceTree = "<group>";
		};
/* End PBXVariantGroup section */

/* Begin XCBuildConfiguration section */
		112D67EE26A2060100972496 /* Debug */ = {
			isa = XCBuildConfiguration;
			buildSettings = {
				ALWAYS_SEARCH_USER_PATHS = NO;
				CLANG_ANALYZER_NONNULL = YES;
				CLANG_ANALYZER_NUMBER_OBJECT_CONVERSION = YES_AGGRESSIVE;
				CLANG_CXX_LANGUAGE_STANDARD = "gnu++14";
				CLANG_CXX_LIBRARY = "libc++";
				CLANG_ENABLE_MODULES = YES;
				CLANG_ENABLE_OBJC_ARC = YES;
				CLANG_ENABLE_OBJC_WEAK = YES;
				CLANG_WARN_BLOCK_CAPTURE_AUTORELEASING = YES;
				CLANG_WARN_BOOL_CONVERSION = YES;
				CLANG_WARN_COMMA = YES;
				CLANG_WARN_CONSTANT_CONVERSION = YES;
				CLANG_WARN_DEPRECATED_OBJC_IMPLEMENTATIONS = YES;
				CLANG_WARN_DIRECT_OBJC_ISA_USAGE = YES_ERROR;
				CLANG_WARN_DOCUMENTATION_COMMENTS = YES;
				CLANG_WARN_EMPTY_BODY = YES;
				CLANG_WARN_ENUM_CONVERSION = YES;
				CLANG_WARN_INFINITE_RECURSION = YES;
				CLANG_WARN_INT_CONVERSION = YES;
				CLANG_WARN_NON_LITERAL_NULL_CONVERSION = YES;
				CLANG_WARN_OBJC_IMPLICIT_RETAIN_SELF = YES;
				CLANG_WARN_OBJC_LITERAL_CONVERSION = YES;
				CLANG_WARN_OBJC_ROOT_CLASS = YES_ERROR;
				CLANG_WARN_QUOTED_INCLUDE_IN_FRAMEWORK_HEADER = YES;
				CLANG_WARN_RANGE_LOOP_ANALYSIS = YES;
				CLANG_WARN_STRICT_PROTOTYPES = YES;
				CLANG_WARN_SUSPICIOUS_MOVE = YES;
				CLANG_WARN_UNGUARDED_AVAILABILITY = YES_AGGRESSIVE;
				CLANG_WARN_UNREACHABLE_CODE = YES;
				CLANG_WARN__DUPLICATE_METHOD_MATCH = YES;
				COPY_PHASE_STRIP = NO;
				DEBUG_INFORMATION_FORMAT = dwarf;
				ENABLE_STRICT_OBJC_MSGSEND = YES;
				ENABLE_TESTABILITY = YES;
				GCC_C_LANGUAGE_STANDARD = gnu11;
				GCC_DYNAMIC_NO_PIC = NO;
				GCC_NO_COMMON_BLOCKS = YES;
				GCC_OPTIMIZATION_LEVEL = 0;
				GCC_PREPROCESSOR_DEFINITIONS = (
					"DEBUG=1",
					"$(inherited)",
				);
				GCC_WARN_64_TO_32_BIT_CONVERSION = YES;
				GCC_WARN_ABOUT_RETURN_TYPE = YES_ERROR;
				GCC_WARN_UNDECLARED_SELECTOR = YES;
				GCC_WARN_UNINITIALIZED_AUTOS = YES_AGGRESSIVE;
				GCC_WARN_UNUSED_FUNCTION = YES;
				GCC_WARN_UNUSED_VARIABLE = YES;
				IPHONEOS_DEPLOYMENT_TARGET = 14.5;
				MTL_ENABLE_DEBUG_INFO = INCLUDE_SOURCE;
				MTL_FAST_MATH = YES;
				ONLY_ACTIVE_ARCH = YES;
				SDKROOT = iphoneos;
				SWIFT_ACTIVE_COMPILATION_CONDITIONS = DEBUG;
				SWIFT_OPTIMIZATION_LEVEL = "-Onone";
			};
			name = Debug;
		};
		112D67EF26A2060100972496 /* Release */ = {
			isa = XCBuildConfiguration;
			buildSettings = {
				ALWAYS_SEARCH_USER_PATHS = NO;
				CLANG_ANALYZER_NONNULL = YES;
				CLANG_ANALYZER_NUMBER_OBJECT_CONVERSION = YES_AGGRESSIVE;
				CLANG_CXX_LANGUAGE_STANDARD = "gnu++14";
				CLANG_CXX_LIBRARY = "libc++";
				CLANG_ENABLE_MODULES = YES;
				CLANG_ENABLE_OBJC_ARC = YES;
				CLANG_ENABLE_OBJC_WEAK = YES;
				CLANG_WARN_BLOCK_CAPTURE_AUTORELEASING = YES;
				CLANG_WARN_BOOL_CONVERSION = YES;
				CLANG_WARN_COMMA = YES;
				CLANG_WARN_CONSTANT_CONVERSION = YES;
				CLANG_WARN_DEPRECATED_OBJC_IMPLEMENTATIONS = YES;
				CLANG_WARN_DIRECT_OBJC_ISA_USAGE = YES_ERROR;
				CLANG_WARN_DOCUMENTATION_COMMENTS = YES;
				CLANG_WARN_EMPTY_BODY = YES;
				CLANG_WARN_ENUM_CONVERSION = YES;
				CLANG_WARN_INFINITE_RECURSION = YES;
				CLANG_WARN_INT_CONVERSION = YES;
				CLANG_WARN_NON_LITERAL_NULL_CONVERSION = YES;
				CLANG_WARN_OBJC_IMPLICIT_RETAIN_SELF = YES;
				CLANG_WARN_OBJC_LITERAL_CONVERSION = YES;
				CLANG_WARN_OBJC_ROOT_CLASS = YES_ERROR;
				CLANG_WARN_QUOTED_INCLUDE_IN_FRAMEWORK_HEADER = YES;
				CLANG_WARN_RANGE_LOOP_ANALYSIS = YES;
				CLANG_WARN_STRICT_PROTOTYPES = YES;
				CLANG_WARN_SUSPICIOUS_MOVE = YES;
				CLANG_WARN_UNGUARDED_AVAILABILITY = YES_AGGRESSIVE;
				CLANG_WARN_UNREACHABLE_CODE = YES;
				CLANG_WARN__DUPLICATE_METHOD_MATCH = YES;
				COPY_PHASE_STRIP = NO;
				DEBUG_INFORMATION_FORMAT = "dwarf-with-dsym";
				ENABLE_NS_ASSERTIONS = NO;
				ENABLE_STRICT_OBJC_MSGSEND = YES;
				GCC_C_LANGUAGE_STANDARD = gnu11;
				GCC_NO_COMMON_BLOCKS = YES;
				GCC_WARN_64_TO_32_BIT_CONVERSION = YES;
				GCC_WARN_ABOUT_RETURN_TYPE = YES_ERROR;
				GCC_WARN_UNDECLARED_SELECTOR = YES;
				GCC_WARN_UNINITIALIZED_AUTOS = YES_AGGRESSIVE;
				GCC_WARN_UNUSED_FUNCTION = YES;
				GCC_WARN_UNUSED_VARIABLE = YES;
				IPHONEOS_DEPLOYMENT_TARGET = 14.5;
				MTL_ENABLE_DEBUG_INFO = NO;
				MTL_FAST_MATH = YES;
				SDKROOT = iphoneos;
				SWIFT_COMPILATION_MODE = wholemodule;
				SWIFT_OPTIMIZATION_LEVEL = "-O";
				VALIDATE_PRODUCT = YES;
			};
			name = Release;
		};
		112D67F126A2060100972496 /* Debug */ = {
			isa = XCBuildConfiguration;
			buildSettings = {
				ASSETCATALOG_COMPILER_APPICON_NAME = AppIcon;
				ASSETCATALOG_COMPILER_GLOBAL_ACCENT_COLOR_NAME = AccentColor;
				CODE_SIGN_STYLE = Automatic;
				DEVELOPMENT_TEAM = TK6YFRP8T6;
				INFOPLIST_FILE = Brewmaster/Info.plist;
				LD_RUNPATH_SEARCH_PATHS = (
					"$(inherited)",
					"@executable_path/Frameworks",
				);
				PRODUCT_BUNDLE_IDENTIFIER = io.rdaneshvar.Brewmaster;
				PRODUCT_NAME = "$(TARGET_NAME)";
				SWIFT_VERSION = 5.0;
				TARGETED_DEVICE_FAMILY = "1,2";
			};
			name = Debug;
		};
		112D67F226A2060100972496 /* Release */ = {
			isa = XCBuildConfiguration;
			buildSettings = {
				ASSETCATALOG_COMPILER_APPICON_NAME = AppIcon;
				ASSETCATALOG_COMPILER_GLOBAL_ACCENT_COLOR_NAME = AccentColor;
				CODE_SIGN_STYLE = Automatic;
				DEVELOPMENT_TEAM = TK6YFRP8T6;
				INFOPLIST_FILE = Brewmaster/Info.plist;
				LD_RUNPATH_SEARCH_PATHS = (
					"$(inherited)",
					"@executable_path/Frameworks",
				);
				PRODUCT_BUNDLE_IDENTIFIER = io.rdaneshvar.Brewmaster;
				PRODUCT_NAME = "$(TARGET_NAME)";
				SWIFT_VERSION = 5.0;
				TARGETED_DEVICE_FAMILY = "1,2";
			};
			name = Release;
		};
		112D67F426A2060100972496 /* Debug */ = {
			isa = XCBuildConfiguration;
			buildSettings = {
				ALWAYS_EMBED_SWIFT_STANDARD_LIBRARIES = YES;
				BUNDLE_LOADER = "$(TEST_HOST)";
				CODE_SIGN_STYLE = Automatic;
				DEVELOPMENT_TEAM = TK6YFRP8T6;
				INFOPLIST_FILE = BrewmasterTests/Info.plist;
				IPHONEOS_DEPLOYMENT_TARGET = 14.5;
				LD_RUNPATH_SEARCH_PATHS = (
					"$(inherited)",
					"@executable_path/Frameworks",
					"@loader_path/Frameworks",
				);
				PRODUCT_BUNDLE_IDENTIFIER = io.rdaneshvar.BrewmasterTests;
				PRODUCT_NAME = "$(TARGET_NAME)";
				SWIFT_VERSION = 5.0;
				TARGETED_DEVICE_FAMILY = "1,2";
				TEST_HOST = "$(BUILT_PRODUCTS_DIR)/Brewmaster.app/Brewmaster";
			};
			name = Debug;
		};
		112D67F526A2060100972496 /* Release */ = {
			isa = XCBuildConfiguration;
			buildSettings = {
				ALWAYS_EMBED_SWIFT_STANDARD_LIBRARIES = YES;
				BUNDLE_LOADER = "$(TEST_HOST)";
				CODE_SIGN_STYLE = Automatic;
				DEVELOPMENT_TEAM = TK6YFRP8T6;
				INFOPLIST_FILE = BrewmasterTests/Info.plist;
				IPHONEOS_DEPLOYMENT_TARGET = 14.5;
				LD_RUNPATH_SEARCH_PATHS = (
					"$(inherited)",
					"@executable_path/Frameworks",
					"@loader_path/Frameworks",
				);
				PRODUCT_BUNDLE_IDENTIFIER = io.rdaneshvar.BrewmasterTests;
				PRODUCT_NAME = "$(TARGET_NAME)";
				SWIFT_VERSION = 5.0;
				TARGETED_DEVICE_FAMILY = "1,2";
				TEST_HOST = "$(BUILT_PRODUCTS_DIR)/Brewmaster.app/Brewmaster";
			};
			name = Release;
		};
		112D67F726A2060100972496 /* Debug */ = {
			isa = XCBuildConfiguration;
			buildSettings = {
				ALWAYS_EMBED_SWIFT_STANDARD_LIBRARIES = YES;
				CODE_SIGN_STYLE = Automatic;
				DEVELOPMENT_TEAM = TK6YFRP8T6;
				INFOPLIST_FILE = BrewmasterUITests/Info.plist;
				LD_RUNPATH_SEARCH_PATHS = (
					"$(inherited)",
					"@executable_path/Frameworks",
					"@loader_path/Frameworks",
				);
				PRODUCT_BUNDLE_IDENTIFIER = io.rdaneshvar.BrewmasterUITests;
				PRODUCT_NAME = "$(TARGET_NAME)";
				SWIFT_VERSION = 5.0;
				TARGETED_DEVICE_FAMILY = "1,2";
				TEST_TARGET_NAME = Brewmaster;
			};
			name = Debug;
		};
		112D67F826A2060100972496 /* Release */ = {
			isa = XCBuildConfiguration;
			buildSettings = {
				ALWAYS_EMBED_SWIFT_STANDARD_LIBRARIES = YES;
				CODE_SIGN_STYLE = Automatic;
				DEVELOPMENT_TEAM = TK6YFRP8T6;
				INFOPLIST_FILE = BrewmasterUITests/Info.plist;
				LD_RUNPATH_SEARCH_PATHS = (
					"$(inherited)",
					"@executable_path/Frameworks",
					"@loader_path/Frameworks",
				);
				PRODUCT_BUNDLE_IDENTIFIER = io.rdaneshvar.BrewmasterUITests;
				PRODUCT_NAME = "$(TARGET_NAME)";
				SWIFT_VERSION = 5.0;
				TARGETED_DEVICE_FAMILY = "1,2";
				TEST_TARGET_NAME = Brewmaster;
			};
			name = Release;
		};
		11ACBC202817E91D00223B5F /* Debug */ = {
			isa = XCBuildConfiguration;
			buildSettings = {
				BUNDLE_LOADER = "$(TEST_HOST)";
				CLANG_CXX_LANGUAGE_STANDARD = "gnu++17";
				CODE_SIGN_STYLE = Automatic;
				CURRENT_PROJECT_VERSION = 1;
				GENERATE_INFOPLIST_FILE = YES;
				IPHONEOS_DEPLOYMENT_TARGET = 15.2;
				MARKETING_VERSION = 1.0;
				PRODUCT_BUNDLE_IDENTIFIER = io.rdaneshvar.BrewmasterSnapshotTests;
				PRODUCT_NAME = "$(TARGET_NAME)";
				SWIFT_EMIT_LOC_STRINGS = NO;
				SWIFT_VERSION = 5.0;
				TARGETED_DEVICE_FAMILY = "1,2";
				TEST_HOST = "$(BUILT_PRODUCTS_DIR)/Brewmaster.app/Brewmaster";
			};
			name = Debug;
		};
		11ACBC212817E91D00223B5F /* Release */ = {
			isa = XCBuildConfiguration;
			buildSettings = {
				BUNDLE_LOADER = "$(TEST_HOST)";
				CLANG_CXX_LANGUAGE_STANDARD = "gnu++17";
				CODE_SIGN_STYLE = Automatic;
				CURRENT_PROJECT_VERSION = 1;
				GENERATE_INFOPLIST_FILE = YES;
				IPHONEOS_DEPLOYMENT_TARGET = 15.2;
				MARKETING_VERSION = 1.0;
				PRODUCT_BUNDLE_IDENTIFIER = io.rdaneshvar.BrewmasterSnapshotTests;
				PRODUCT_NAME = "$(TARGET_NAME)";
				SWIFT_EMIT_LOC_STRINGS = NO;
				SWIFT_VERSION = 5.0;
				TARGETED_DEVICE_FAMILY = "1,2";
				TEST_HOST = "$(BUILT_PRODUCTS_DIR)/Brewmaster.app/Brewmaster";
			};
			name = Release;
		};
/* End XCBuildConfiguration section */

/* Begin XCConfigurationList section */
		112D67C126A205FD00972496 /* Build configuration list for PBXProject "Brewmaster" */ = {
			isa = XCConfigurationList;
			buildConfigurations = (
				112D67EE26A2060100972496 /* Debug */,
				112D67EF26A2060100972496 /* Release */,
			);
			defaultConfigurationIsVisible = 0;
			defaultConfigurationName = Release;
		};
		112D67F026A2060100972496 /* Build configuration list for PBXNativeTarget "Brewmaster" */ = {
			isa = XCConfigurationList;
			buildConfigurations = (
				112D67F126A2060100972496 /* Debug */,
				112D67F226A2060100972496 /* Release */,
			);
			defaultConfigurationIsVisible = 0;
			defaultConfigurationName = Release;
		};
		112D67F326A2060100972496 /* Build configuration list for PBXNativeTarget "BrewmasterTests" */ = {
			isa = XCConfigurationList;
			buildConfigurations = (
				112D67F426A2060100972496 /* Debug */,
				112D67F526A2060100972496 /* Release */,
			);
			defaultConfigurationIsVisible = 0;
			defaultConfigurationName = Release;
		};
		112D67F626A2060100972496 /* Build configuration list for PBXNativeTarget "BrewmasterUITests" */ = {
			isa = XCConfigurationList;
			buildConfigurations = (
				112D67F726A2060100972496 /* Debug */,
				112D67F826A2060100972496 /* Release */,
			);
			defaultConfigurationIsVisible = 0;
			defaultConfigurationName = Release;
		};
		11ACBC222817E91D00223B5F /* Build configuration list for PBXNativeTarget "BrewmasterSnapshotTests" */ = {
			isa = XCConfigurationList;
			buildConfigurations = (
				11ACBC202817E91D00223B5F /* Debug */,
				11ACBC212817E91D00223B5F /* Release */,
			);
			defaultConfigurationIsVisible = 0;
			defaultConfigurationName = Release;
		};
/* End XCConfigurationList section */
	};
	rootObject = 112D67BE26A205FD00972496 /* Project object */;
}
